
Microsoft Visual Studio Solution File, Format Version 12.00
# Visual Studio Version 16
VisualStudioVersion = 16.0.29709.97
MinimumVisualStudioVersion = 10.0.40219.1
Project("{9A19103F-16F7-4668-BE54-9A1E7A4F7556}") = "FramesCore", "FramesCore\FramesCore.csproj", "{2E3D7DB5-F9FA-4513-BE62-8ED369D8276B}"
EndProject
Project("{FAE04EC0-301F-11D3-BF4B-00C04F79EFBC}") = "FramesCoreTest", "FramesCoreTest\FramesCoreTest.csproj", "{F5D4EF62-27F5-4D5B-BBBF-72B1F6D895C6}"
EndProject
Global
	GlobalSection(SolutionConfigurationPlatforms) = preSolution
		Debug|Any CPU = Debug|Any CPU
		Release|Any CPU = Release|Any CPU
	EndGlobalSection
	GlobalSection(ProjectConfigurationPlatforms) = postSolution
		{2E3D7DB5-F9FA-4513-BE62-8ED369D8276B}.Debug|Any CPU.ActiveCfg = Debug|Any CPU
		{2E3D7DB5-F9FA-4513-BE62-8ED369D8276B}.Debug|Any CPU.Build.0 = Debug|Any CPU
		{2E3D7DB5-F9FA-4513-BE62-8ED369D8276B}.Release|Any CPU.ActiveCfg = Release|Any CPU
		{2E3D7DB5-F9FA-4513-BE62-8ED369D8276B}.Release|Any CPU.Build.0 = Release|Any CPU
		{F5D4EF62-27F5-4D5B-BBBF-72B1F6D895C6}.Debug|Any CPU.ActiveCfg = Debug|Any CPU
		{F5D4EF62-27F5-4D5B-BBBF-72B1F6D895C6}.Debug|Any CPU.Build.0 = Debug|Any CPU
		{F5D4EF62-27F5-4D5B-BBBF-72B1F6D895C6}.Release|Any CPU.ActiveCfg = Release|Any CPU
		{F5D4EF62-27F5-4D5B-BBBF-72B1F6D895C6}.Release|Any CPU.Build.0 = Release|Any CPU
	EndGlobalSection
	GlobalSection(SolutionProperties) = preSolution
		HideSolutionNode = FALSE
	EndGlobalSection
	GlobalSection(ExtensibilityGlobals) = postSolution
		SolutionGuid = {385116A7-47BF-4807-B1B6-7C691C4BAB5F}
	EndGlobalSection
EndGlobal
